// !$*UTF8*$!
{
	archiveVersion = 1;
	classes = {
	};
	objectVersion = 46;
	objects = {

/* Begin PBXBuildFile section */
		C20E0E0C1B67A5ED00AB5B35 /* main.m in Sources */ = {isa = PBXBuildFile; fileRef = C20E0E0B1B67A5ED00AB5B35 /* main.m */; };
		C20E0E0F1B67A5ED00AB5B35 /* AppDelegate.m in Sources */ = {isa = PBXBuildFile; fileRef = C20E0E0E1B67A5ED00AB5B35 /* AppDelegate.m */; };
		C20E0E121B67A5ED00AB5B35 /* ViewController.m in Sources */ = {isa = PBXBuildFile; fileRef = C20E0E111B67A5ED00AB5B35 /* ViewController.m */; };
		C20E0E151B67A5ED00AB5B35 /* Main.storyboard in Resources */ = {isa = PBXBuildFile; fileRef = C20E0E131B67A5ED00AB5B35 /* Main.storyboard */; };
		C20E0E171B67A5ED00AB5B35 /* Images.xcassets in Resources */ = {isa = PBXBuildFile; fileRef = C20E0E161B67A5ED00AB5B35 /* Images.xcassets */; };
		C20E0E1A1B67A5ED00AB5B35 /* LaunchScreen.xib in Resources */ = {isa = PBXBuildFile; fileRef = C20E0E181B67A5ED00AB5B35 /* LaunchScreen.xib */; };
		C20E0E261B67A5ED00AB5B35 /* _____Tests.m in Sources */ = {isa = PBXBuildFile; fileRef = C20E0E251B67A5ED00AB5B35 /* _____Tests.m */; };
/* End PBXBuildFile section */

/* Begin PBXContainerItemProxy section */
		C20E0E201B67A5ED00AB5B35 /* PBXContainerItemProxy */ = {
			isa = PBXContainerItemProxy;
			containerPortal = C20E0DFE1B67A5ED00AB5B35 /* Project object */;
			proxyType = 1;
			remoteGlobalIDString = C20E0E051B67A5ED00AB5B35;
			remoteInfo = "播放器测试";
		};
/* End PBXContainerItemProxy section */

/* Begin PBXFileReference section */
		C20E0E061B67A5ED00AB5B35 /* 播放器测试.app */ = {isa = PBXFileReference; explicitFileType = wrapper.application; includeInIndex = 0; path = "播放器测试.app"; sourceTree = BUILT_PRODUCTS_DIR; };
		C20E0E0A1B67A5ED00AB5B35 /* Info.plist */ = {isa = PBXFileReference; lastKnownFileType = text.plist.xml; path = Info.plist; sourceTree = "<group>"; };
		C20E0E0B1B67A5ED00AB5B35 /* main.m */ = {isa = PBXFileReference; lastKnownFileType = sourcecode.c.objc; path = main.m; sourceTree = "<group>"; };
		C20E0E0D1B67A5ED00AB5B35 /* AppDelegate.h */ = {isa = PBXFileReference; lastKnownFileType = sourcecode.c.h; path = AppDelegate.h; sourceTree = "<group>"; };
		C20E0E0E1B67A5ED00AB5B35 /* AppDelegate.m */ = {isa = PBXFileReference; lastKnownFileType = sourcecode.c.objc; path = AppDelegate.m; sourceTree = "<group>"; };
		C20E0E101B67A5ED00AB5B35 /* ViewController.h */ = {isa = PBXFileReference; lastKnownFileType = sourcecode.c.h; path = ViewController.h; sourceTree = "<group>"; };
		C20E0E111B67A5ED00AB5B35 /* ViewController.m */ = {isa = PBXFileReference; lastKnownFileType = sourcecode.c.objc; path = ViewController.m; sourceTree = "<group>"; };
		C20E0E141B67A5ED00AB5B35 /* Base */ = {isa = PBXFileReference; lastKnownFileType = file.storyboard; name = Base; path = Base.lproj/Main.storyboard; sourceTree = "<group>"; };
		C20E0E161B67A5ED00AB5B35 /* Images.xcassets */ = {isa = PBXFileReference; lastKnownFileType = folder.assetcatalog; path = Images.xcassets; sourceTree = "<group>"; };
		C20E0E191B67A5ED00AB5B35 /* Base */ = {isa = PBXFileReference; lastKnownFileType = file.xib; name = Base; path = Base.lproj/LaunchScreen.xib; sourceTree = "<group>"; };
		C20E0E1F1B67A5ED00AB5B35 /* 播放器测试Tests.xctest */ = {isa = PBXFileReference; explicitFileType = wrapper.cfbundle; includeInIndex = 0; path = "播放器测试Tests.xctest"; sourceTree = BUILT_PRODUCTS_DIR; };
		C20E0E241B67A5ED00AB5B35 /* Info.plist */ = {isa = PBXFileReference; lastKnownFileType = text.plist.xml; path = Info.plist; sourceTree = "<group>"; };
		C20E0E251B67A5ED00AB5B35 /* _____Tests.m */ = {isa = PBXFileReference; lastKnownFileType = sourcecode.c.objc; path = "_____Tests.m"; sourceTree = "<group>"; };
/* End PBXFileReference section */

/* Begin PBXFrameworksBuildPhase section */
		C20E0E031B67A5ED00AB5B35 /* Frameworks */ = {
			isa = PBXFrameworksBuildPhase;
			buildActionMask = 2147483647;
			files = (
			);
			runOnlyForDeploymentPostprocessing = 0;
		};
		C20E0E1C1B67A5ED00AB5B35 /* Frameworks */ = {
			isa = PBXFrameworksBuildPhase;
			buildActionMask = 2147483647;
			files = (
			);
			runOnlyForDeploymentPostprocessing = 0;
		};
/* End PBXFrameworksBuildPhase section */

/* Begin PBXGroup section */
		C20E0DFD1B67A5ED00AB5B35 = {
			isa = PBXGroup;
			children = (
				C20E0E081B67A5ED00AB5B35 /* 播放器测试 */,
				C20E0E221B67A5ED00AB5B35 /* 播放器测试Tests */,
				C20E0E071B67A5ED00AB5B35 /* Products */,
			);
			sourceTree = "<group>";
		};
		C20E0E071B67A5ED00AB5B35 /* Products */ = {
			isa = PBXGroup;
			children = (
				C20E0E061B67A5ED00AB5B35 /* 播放器测试.app */,
				C20E0E1F1B67A5ED00AB5B35 /* 播放器测试Tests.xctest */,
			);
			name = Products;
			sourceTree = "<group>";
		};
		C20E0E081B67A5ED00AB5B35 /* 播放器测试 */ = {
			isa = PBXGroup;
			children = (
				C20E0E0D1B67A5ED00AB5B35 /* AppDelegate.h */,
				C20E0E0E1B67A5ED00AB5B35 /* AppDelegate.m */,
				C20E0E101B67A5ED00AB5B35 /* ViewController.h */,
				C20E0E111B67A5ED00AB5B35 /* ViewController.m */,
				C20E0E131B67A5ED00AB5B35 /* Main.storyboard */,
				C20E0E161B67A5ED00AB5B35 /* Images.xcassets */,
				C20E0E181B67A5ED00AB5B35 /* LaunchScreen.xib */,
				C20E0E091B67A5ED00AB5B35 /* Supporting Files */,
			);
			path = "播放器测试";
			sourceTree = "<group>";
		};
		C20E0E091B67A5ED00AB5B35 /* Supporting Files */ = {
			isa = PBXGroup;
			children = (
				C20E0E0A1B67A5ED00AB5B35 /* Info.plist */,
				C20E0E0B1B67A5ED00AB5B35 /* main.m */,
			);
			name = "Supporting Files";
			sourceTree = "<group>";
		};
		C20E0E221B67A5ED00AB5B35 /* 播放器测试Tests */ = {
			isa = PBXGroup;
			children = (
				C20E0E251B67A5ED00AB5B35 /* _____Tests.m */,
				C20E0E231B67A5ED00AB5B35 /* Supporting Files */,
			);
			path = "播放器测试Tests";
			sourceTree = "<group>";
		};
		C20E0E231B67A5ED00AB5B35 /* Supporting Files */ = {
			isa = PBXGroup;
			children = (
				C20E0E241B67A5ED00AB5B35 /* Info.plist */,
			);
			name = "Supporting Files";
			sourceTree = "<group>";
		};
/* End PBXGroup section */

/* Begin PBXNativeTarget section */
		C20E0E051B67A5ED00AB5B35 /* 播放器测试 */ = {
			isa = PBXNativeTarget;
			buildConfigurationList = C20E0E291B67A5ED00AB5B35 /* Build configuration list for PBXNativeTarget "播放器测试" */;
			buildPhases = (
				C20E0E021B67A5ED00AB5B35 /* Sources */,
				C20E0E031B67A5ED00AB5B35 /* Frameworks */,
				C20E0E041B67A5ED00AB5B35 /* Resources */,
			);
			buildRules = (
			);
			dependencies = (
			);
			name = "播放器测试";
			productName = "播放器测试";
			productReference = C20E0E061B67A5ED00AB5B35 /* 播放器测试.app */;
			productType = "com.apple.product-type.application";
		};
		C20E0E1E1B67A5ED00AB5B35 /* 播放器测试Tests */ = {
			isa = PBXNativeTarget;
			buildConfigurationList = C20E0E2C1B67A5ED00AB5B35 /* Build configuration list for PBXNativeTarget "播放器测试Tests" */;
			buildPhases = (
				C20E0E1B1B67A5ED00AB5B35 /* Sources */,
				C20E0E1C1B67A5ED00AB5B35 /* Frameworks */,
				C20E0E1D1B67A5ED00AB5B35 /* Resources */,
			);
			buildRules = (
			);
			dependencies = (
				C20E0E211B67A5ED00AB5B35 /* PBXTargetDependency */,
			);
			name = "播放器测试Tests";
			productName = "播放器测试Tests";
			productReference = C20E0E1F1B67A5ED00AB5B35 /* 播放器测试Tests.xctest */;
			productType = "com.apple.product-type.bundle.unit-test";
		};
/* End PBXNativeTarget section */

/* Begin PBXProject section */
		C20E0DFE1B67A5ED00AB5B35 /* Project object */ = {
			isa = PBXProject;
			attributes = {
				LastUpgradeCheck = 0600;
				ORGANIZATIONNAME = hehehhe;
				TargetAttributes = {
					C20E0E051B67A5ED00AB5B35 = {
						CreatedOnToolsVersion = 6.0.1;
					};
					C20E0E1E1B67A5ED00AB5B35 = {
						CreatedOnToolsVersion = 6.0.1;
						TestTargetID = C20E0E051B67A5ED00AB5B35;
					};
				};
			};
			buildConfigurationList = C20E0E011B67A5ED00AB5B35 /* Build configuration list for PBXProject "播放器测试" */;
			compatibilityVersion = "Xcode 3.2";
			developmentRegion = English;
			hasScannedForEncodings = 0;
			knownRegions = (
				en,
				Base,
			);
			mainGroup = C20E0DFD1B67A5ED00AB5B35;
			productRefGroup = C20E0E071B67A5ED00AB5B35 /* Products */;
			projectDirPath = "";
			projectRoot = "";
			targets = (
				C20E0E051B67A5ED00AB5B35 /* 播放器测试 */,
				C20E0E1E1B67A5ED00AB5B35 /* 播放器测试Tests */,
			);
		};
/* End PBXProject section */

/* Begin PBXResourcesBuildPhase section */
		C20E0E041B67A5ED00AB5B35 /* Resources */ = {
			isa = PBXResourcesBuildPhase;
			buildActionMask = 2147483647;
			files = (
				C20E0E151B67A5ED00AB5B35 /* Main.storyboard in Resources */,
				C20E0E1A1B67A5ED00AB5B35 /* LaunchScreen.xib in Resources */,
				C20E0E171B67A5ED00AB5B35 /* Images.xcassets in Resources */,
			);
			runOnlyForDeploymentPostprocessing = 0;
		};
		C20E0E1D1B67A5ED00AB5B35 /* Resources */ = {
			isa = PBXResourcesBuildPhase;
			buildActionMask = 2147483647;
			files = (
			);
			runOnlyForDeploymentPostprocessing = 0;
		};
/* End PBXResourcesBuildPhase section */

/* Begin PBXSourcesBuildPhase section */
		C20E0E021B67A5ED00AB5B35 /* Sources */ = {
			isa = PBXSourcesBuildPhase;
			buildActionMask = 2147483647;
			files = (
				C20E0E121B67A5ED00AB5B35 /* ViewController.m in Sources */,
				C20E0E0F1B67A5ED00AB5B35 /* AppDelegate.m in Sources */,
				C20E0E0C1B67A5ED00AB5B35 /* main.m in Sources */,
			);
			runOnlyForDeploymentPostprocessing = 0;
		};
		C20E0E1B1B67A5ED00AB5B35 /* Sources */ = {
			isa = PBXSourcesBuildPhase;
			buildActionMask = 2147483647;
			files = (
				C20E0E261B67A5ED00AB5B35 /* _____Tests.m in Sources */,
			);
			runOnlyForDeploymentPostprocessing = 0;
		};
/* End PBXSourcesBuildPhase section */

/* Begin PBXTargetDependency section */
		C20E0E211B67A5ED00AB5B35 /* PBXTargetDependency */ = {
			isa = PBXTargetDependency;
			target = C20E0E051B67A5ED00AB5B35 /* 播放器测试 */;
			targetProxy = C20E0E201B67A5ED00AB5B35 /* PBXContainerItemProxy */;
		};
/* End PBXTargetDependency section */

/* Begin PBXVariantGroup section */
		C20E0E131B67A5ED00AB5B35 /* Main.storyboard */ = {
			isa = PBXVariantGroup;
			children = (
				C20E0E141B67A5ED00AB5B35 /* Base */,
			);
			name = Main.storyboard;
			sourceTree = "<group>";
		};
		C20E0E181B67A5ED00AB5B35 /* LaunchScreen.xib */ = {
			isa = PBXVariantGroup;
			children = (
				C20E0E191B67A5ED00AB5B35 /* Base */,
			);
			name = LaunchScreen.xib;
			sourceTree = "<group>";
		};
/* End PBXVariantGroup section */

/* Begin XCBuildConfiguration section */
		C20E0E271B67A5ED00AB5B35 /* Debug */ = {
			isa = XCBuildConfiguration;
			buildSettings = {
				ALWAYS_SEARCH_USER_PATHS = NO;
				CLANG_CXX_LANGUAGE_STANDARD = "gnu++0x";
				CLANG_CXX_LIBRARY = "libc++";
				CLANG_ENABLE_MODULES = YES;
				CLANG_ENABLE_OBJC_ARC = YES;
				CLANG_WARN_BOOL_CONVERSION = YES;
				CLANG_WARN_CONSTANT_CONVERSION = YES;
				CLANG_WARN_DIRECT_OBJC_ISA_USAGE = YES_ERROR;
				CLANG_WARN_EMPTY_BODY = YES;
				CLANG_WARN_ENUM_CONVERSION = YES;
				CLANG_WARN_INT_CONVERSION = YES;
				CLANG_WARN_OBJC_ROOT_CLASS = YES_ERROR;
				CLANG_WARN_UNREACHABLE_CODE = YES;
				CLANG_WARN__DUPLICATE_METHOD_MATCH = YES;
				"CODE_SIGN_IDENTITY[sdk=iphoneos*]" = "iPhone Developer";
				COPY_PHASE_STRIP = NO;
				ENABLE_STRICT_OBJC_MSGSEND = YES;
				GCC_C_LANGUAGE_STANDARD = gnu99;
				GCC_DYNAMIC_NO_PIC = NO;
				GCC_OPTIMIZATION_LEVEL = 0;
				GCC_PREPROCESSOR_DEFINITIONS = (
					"DEBUG=1",
					"$(inherited)",
				);
				GCC_SYMBOLS_PRIVATE_EXTERN = NO;
				GCC_WARN_64_TO_32_BIT_CONVERSION = YES;
				GCC_WARN_ABOUT_RETURN_TYPE = YES_ERROR;
				GCC_WARN_UNDECLARED_SELECTOR = YES;
				GCC_WARN_UNINITIALIZED_AUTOS = YES_AGGRESSIVE;
				GCC_WARN_UNUSED_FUNCTION = YES;
				GCC_WARN_UNUSED_VARIABLE = YES;
				IPHONEOS_DEPLOYMENT_TARGET = 8.0;
				MTL_ENABLE_DEBUG_INFO = YES;
				ONLY_ACTIVE_ARCH = YES;
				SDKROOT = iphoneos;
				TARGETED_DEVICE_FAMILY = "1,2";
			};
			name = Debug;
		};
		C20E0E281B67A5ED00AB5B35 /* Release */ = {
			isa = XCBuildConfiguration;
			buildSettings = {
				ALWAYS_SEARCH_USER_PATHS = NO;
				CLANG_CXX_LANGUAGE_STANDARD = "gnu++0x";
				CLANG_CXX_LIBRARY = "libc++";
				CLANG_ENABLE_MODULES = YES;
				CLANG_ENABLE_OBJC_ARC = YES;
				CLANG_WARN_BOOL_CONVERSION = YES;
				CLANG_WARN_CONSTANT_CONVERSION = YES;
				CLANG_WARN_DIRECT_OBJC_ISA_USAGE = YES_ERROR;
				CLANG_WARN_EMPTY_BODY = YES;
				CLANG_WARN_ENUM_CONVERSION = YES;
				CLANG_WARN_INT_CONVERSION = YES;
				CLANG_WARN_OBJC_ROOT_CLASS = YES_ERROR;
				CLANG_WARN_UNREACHABLE_CODE = YES;
				CLANG_WARN__DUPLICATE_METHOD_MATCH = YES;
				"CODE_SIGN_IDENTITY[sdk=iphoneos*]" = "iPhone Developer";
				COPY_PHASE_STRIP = YES;
				ENABLE_NS_ASSERTIONS = NO;
				ENABLE_STRICT_OBJC_MSGSEND = YES;
				GCC_C_LANGUAGE_STANDARD = gnu99;
				GCC_WARN_64_TO_32_BIT_CONVERSION = YES;
				GCC_WARN_ABOUT_RETURN_TYPE = YES_ERROR;
				GCC_WARN_UNDECLARED_SELECTOR = YES;
				GCC_WARN_UNINITIALIZED_AUTOS = YES_AGGRESSIVE;
				GCC_WARN_UNUSED_FUNCTION = YES;
				GCC_WARN_UNUSED_VARIABLE = YES;
				IPHONEOS_DEPLOYMENT_TARGET = 8.0;
				MTL_ENABLE_DEBUG_INFO = NO;
				SDKROOT = iphoneos;
				TARGETED_DEVICE_FAMILY = "1,2";
				VALIDATE_PRODUCT = YES;
			};
			name = Release;
		};
		C20E0E2A1B67A5ED00AB5B35 /* Debug */ = {
			isa = XCBuildConfiguration;
			buildSettings = {
				ASSETCATALOG_COMPILER_APPICON_NAME = AppIcon;
				INFOPLIST_FILE = "播放器测试/Info.plist";
				LD_RUNPATH_SEARCH_PATHS = "$(inherited) @executable_path/Frameworks";
				PRODUCT_NAME = "$(TARGET_NAME)";
			};
			name = Debug;
		};
		C20E0E2B1B67A5ED00AB5B35 /* Release */ = {
			isa = XCBuildConfiguration;
			buildSettings = {
				ASSETCATALOG_COMPILER_APPICON_NAME = AppIcon;
				INFOPLIST_FILE = "播放器测试/Info.plist";
				LD_RUNPATH_SEARCH_PATHS = "$(inherited) @executable_path/Frameworks";
				PRODUCT_NAME = "$(TARGET_NAME)";
			};
			name = Release;
		};
		C20E0E2D1B67A5ED00AB5B35 /* Debug */ = {
			isa = XCBuildConfiguration;
			buildSettings = {
				BUNDLE_LOADER = "$(TEST_HOST)";
				FRAMEWORK_SEARCH_PATHS = (
					"$(SDKROOT)/Developer/Library/Frameworks",
					"$(inherited)",
				);
				GCC_PREPROCESSOR_DEFINITIONS = (
					"DEBUG=1",
					"$(inherited)",
				);
				INFOPLIST_FILE = "播放器测试Tests/Info.plist";
				LD_RUNPATH_SEARCH_PATHS = "$(inherited) @executable_path/Frameworks @loader_path/Frameworks";
				PRODUCT_NAME = "$(TARGET_NAME)";
				TEST_HOST = "$(BUILT_PRODUCTS_DIR)/播放器测试.app/播放器测试";
			};
			name = Debug;
		};
		C20E0E2E1B67A5ED00AB5B35 /* Release */ = {
			isa = XCBuildConfiguration;
			buildSettings = {
				BUNDLE_LOADER = "$(TEST_HOST)";
				FRAMEWORK_SEARCH_PATHS = (
					"$(SDKROOT)/Developer/Library/Frameworks",
					"$(inherited)",
				);
				INFOPLIST_FILE = "播放器测试Tests/Info.plist";
				LD_RUNPATH_SEARCH_PATHS = "$(inherited) @executable_path/Frameworks @loader_path/Frameworks";
				PRODUCT_NAME = "$(TARGET_NAME)";
				TEST_HOST = "$(BUILT_PRODUCTS_DIR)/播放器测试.app/播放器测试";
			};
			name = Release;
		};
/* End XCBuildConfiguration section */

/* Begin XCConfigurationList section */
		C20E0E011B67A5ED00AB5B35 /* Build configuration list for PBXProject "播放器测试" */ = {
			isa = XCConfigurationList;
			buildConfigurations = (
				C20E0E271B67A5ED00AB5B35 /* Debug */,
				C20E0E281B67A5ED00AB5B35 /* Release */,
			);
			defaultConfigurationIsVisible = 0;
			defaultConfigurationName = Release;
		};
		C20E0E291B67A5ED00AB5B35 /* Build configuration list for PBXNativeTarget "播放器测试" */ = {
			isa = XCConfigurationList;
			buildConfigurations = (
				C20E0E2A1B67A5ED00AB5B35 /* Debug */,
				C20E0E2B1B67A5ED00AB5B35 /* Release */,
			);
			defaultConfigurationIsVisible = 0;
		};
		C20E0E2C1B67A5ED00AB5B35 /* Build configuration list for PBXNativeTarget "播放器测试Tests" */ = {
			isa = XCConfigurationList;
			buildConfigurations = (
				C20E0E2D1B67A5ED00AB5B35 /* Debug */,
				C20E0E2E1B67A5ED00AB5B35 /* Release */,
			);
			defaultConfigurationIsVisible = 0;
		};
/* End XCConfigurationList section */
	};
	rootObject = C20E0DFE1B67A5ED00AB5B35 /* Project object */;
}
